
Microsoft Visual Studio Solution File, Format Version 12.00
Project("{FAE04EC0-301F-11D3-BF4B-00C04F79EFBC}") = "BankAccountNS", "BankAccountNS\BankAccountNS.csproj", "{03313644-9BEB-460D-A77C-7ABAFC406DB1}"
EndProject
Project("{FAE04EC0-301F-11D3-BF4B-00C04F79EFBC}") = "BankTests", "BankTests\BankTests.csproj", "{FB93D52A-41DB-45BE-B1CC-24C936DB4718}"
EndProject
Global
	GlobalSection(SolutionConfigurationPlatforms) = preSolution
		Debug|Any CPU = Debug|Any CPU
		Release|Any CPU = Release|Any CPU
	EndGlobalSection
	GlobalSection(ProjectConfigurationPlatforms) = postSolution
		{03313644-9BEB-460D-A77C-7ABAFC406DB1}.Debug|Any CPU.ActiveCfg = Debug|Any CPU
		{03313644-9BEB-460D-A77C-7ABAFC406DB1}.Debug|Any CPU.Build.0 = Debug|Any CPU
		{03313644-9BEB-460D-A77C-7ABAFC406DB1}.Release|Any CPU.ActiveCfg = Release|Any CPU
		{03313644-9BEB-460D-A77C-7ABAFC406DB1}.Release|Any CPU.Build.0 = Release|Any CPU
		{FB93D52A-41DB-45BE-B1CC-24C936DB4718}.Debug|Any CPU.ActiveCfg = Debug|Any CPU
		{FB93D52A-41DB-45BE-B1CC-24C936DB4718}.Debug|Any CPU.Build.0 = Debug|Any CPU
		{FB93D52A-41DB-45BE-B1CC-24C936DB4718}.Release|Any CPU.ActiveCfg = Release|Any CPU
		{FB93D52A-41DB-45BE-B1CC-24C936DB4718}.Release|Any CPU.Build.0 = Release|Any CPU
	EndGlobalSection
EndGlobal
